
Microsoft Visual Studio Solution File, Format Version 12.00
# Visual Studio 15
VisualStudioVersion = 15.0.27130.2027
MinimumVisualStudioVersion = 10.0.40219.1
Project("{FAE04EC0-301F-11D3-BF4B-00C04F79EFBC}") = "SuperAdventure", "SuperAdventure\SuperAdventure.csproj", "{7AE33C27-BFA6-4FC5-BCE7-0329D14D4489}"
EndProject
Project("{FAE04EC0-301F-11D3-BF4B-00C04F79EFBC}") = "Engine", "Engine\Engine.csproj", "{1CD0FC6A-EAB6-43CE-A12B-F78657DE5150}"
EndProject
Global
	GlobalSection(SolutionConfigurationPlatforms) = preSolution
		Debug|Any CPU = Debug|Any CPU
		Release|Any CPU = Release|Any CPU
	EndGlobalSection
	GlobalSection(ProjectConfigurationPlatforms) = postSolution
		{7AE33C27-BFA6-4FC5-BCE7-0329D14D4489}.Debug|Any CPU.ActiveCfg = Debug|Any CPU
		{7AE33C27-BFA6-4FC5-BCE7-0329D14D4489}.Debug|Any CPU.Build.0 = Debug|Any CPU
		{7AE33C27-BFA6-4FC5-BCE7-0329D14D4489}.Release|Any CPU.ActiveCfg = Release|Any CPU
		{7AE33C27-BFA6-4FC5-BCE7-0329D14D4489}.Release|Any CPU.Build.0 = Release|Any CPU
		{1CD0FC6A-EAB6-43CE-A12B-F78657DE5150}.Debug|Any CPU.ActiveCfg = Debug|Any CPU
		{1CD0FC6A-EAB6-43CE-A12B-F78657DE5150}.Debug|Any CPU.Build.0 = Debug|Any CPU
		{1CD0FC6A-EAB6-43CE-A12B-F78657DE5150}.Release|Any CPU.ActiveCfg = Release|Any CPU
		{1CD0FC6A-EAB6-43CE-A12B-F78657DE5150}.Release|Any CPU.Build.0 = Release|Any CPU
	EndGlobalSection
	GlobalSection(SolutionProperties) = preSolution
		HideSolutionNode = FALSE
	EndGlobalSection
	GlobalSection(ExtensibilityGlobals) = postSolution
		SolutionGuid = {675FC9FD-1B90-4752-BEA7-EF5930499E7D}
	EndGlobalSection
EndGlobal
